
Microsoft Visual Studio Solution File, Format Version 12.00
# Visual Studio Version 17
VisualStudioVersion = 17.13.35818.85 d17.13
MinimumVisualStudioVersion = 10.0.40219.1
Project("{FAE04EC0-301F-11D3-BF4B-00C04F79EFBC}") = "mod5_103022300092", "mod5_103022300092\mod5_103022300092.csproj", "{EB4F2324-7065-4BDF-813F-5E112C9760E4}"
EndProject
Global
	GlobalSection(SolutionConfigurationPlatforms) = preSolution
		Debug|Any CPU = Debug|Any CPU
		Release|Any CPU = Release|Any CPU
	EndGlobalSection
	GlobalSection(ProjectConfigurationPlatforms) = postSolution
		{EB4F2324-7065-4BDF-813F-5E112C9760E4}.Debug|Any CPU.ActiveCfg = Debug|Any CPU
		{EB4F2324-7065-4BDF-813F-5E112C9760E4}.Debug|Any CPU.Build.0 = Debug|Any CPU
		{EB4F2324-7065-4BDF-813F-5E112C9760E4}.Release|Any CPU.ActiveCfg = Release|Any CPU
		{EB4F2324-7065-4BDF-813F-5E112C9760E4}.Release|Any CPU.Build.0 = Release|Any CPU
	EndGlobalSection
	GlobalSection(SolutionProperties) = preSolution
		HideSolutionNode = FALSE
	EndGlobalSection
	GlobalSection(ExtensibilityGlobals) = postSolution
		SolutionGuid = {C54971C2-048A-4E32-934F-F3F0D7A17D56}
	EndGlobalSection
EndGlobal
